
Microsoft Visual Studio Solution File, Format Version 12.00
# Visual Studio Version 16
VisualStudioVersion = 16.0.30611.23
MinimumVisualStudioVersion = 10.0.40219.1
Project("{FAE04EC0-301F-11D3-BF4B-00C04F79EFBC}") = "StudentManagement", "StudentManageent\StudentManagement.csproj", "{ED986AD6-3116-47A9-B7EF-0FA84B5A3E56}"
EndProject
Global
	GlobalSection(SolutionConfigurationPlatforms) = preSolution
		Debug|Any CPU = Debug|Any CPU
		Release|Any CPU = Release|Any CPU
	EndGlobalSection
	GlobalSection(ProjectConfigurationPlatforms) = postSolution
		{ED986AD6-3116-47A9-B7EF-0FA84B5A3E56}.Debug|Any CPU.ActiveCfg = Debug|Any CPU
		{ED986AD6-3116-47A9-B7EF-0FA84B5A3E56}.Debug|Any CPU.Build.0 = Debug|Any CPU
		{ED986AD6-3116-47A9-B7EF-0FA84B5A3E56}.Release|Any CPU.ActiveCfg = Release|Any CPU
		{ED986AD6-3116-47A9-B7EF-0FA84B5A3E56}.Release|Any CPU.Build.0 = Release|Any CPU
	EndGlobalSection
	GlobalSection(SolutionProperties) = preSolution
		HideSolutionNode = FALSE
	EndGlobalSection
	GlobalSection(ExtensibilityGlobals) = postSolution
		SolutionGuid = {4FAB089D-9B04-457E-940A-9698E2641F43}
	EndGlobalSection
EndGlobal
